{
    "amphp/amp": {
        "version": "v2.6.1"
    },
    "amphp/byte-stream": {
        "version": "v1.8.1"
    },
    "async-aws/core": {
        "version": "1.10.0"
    },
    "aws/aws-crt-php": {
        "version": "v1.0.2"
    },
    "aws/aws-sdk-php": {
        "version": "3.147.7"
    },
    "aws/aws-sdk-php-symfony": {
        "version": "1.3",
        "recipe": {
            "repo": "github.com/symfony/recipes-contrib",
            "branch": "master",
            "version": "1.3",
            "ref": "d1753f9e2a669c464b2b0618af9b0123426b67b4"
        },
        "files": [
            "config/packages/aws.yaml"
        ]
    },
    "babdev/pagerfanta-bundle": {
        "version": "v2.5.0"
    },
    "bacon/bacon-qr-code": {
        "version": "2.0.1"
    },
    "beberlei/doctrineextensions": {
        "version": "v1.2.7"
    },
    "behat/gherkin": {
        "version": "v4.6.2"
    },
    "bramus/ansi-php": {
        "version": "3.0.3"
    },
    "bramus/monolog-colored-line-formatter": {
        "version": "2.0.3"
    },
    "codeception/codeception": {
        "version": "2.3",
        "recipe": {
            "repo": "github.com/symfony/recipes-contrib",
            "branch": "master",
            "version": "2.3",
            "ref": "5d3fec49d4a7ecb411c417fc51cf48b06a86946d"
        },
        "files": [
            "codeception.yml",
            "tests/_data/.gitignore",
            "tests/_output/.gitignore",
            "tests/_support/AcceptanceTester.php",
            "tests/_support/FunctionalTester.php",
            "tests/_support/Helper/Acceptance.php",
            "tests/_support/Helper/Functional.php",
            "tests/_support/Helper/Unit.php",
            "tests/_support/UnitTester.php",
            "tests/_support/_generated/.gitignore",
            "tests/acceptance/.gitignore",
            "tests/functional/.gitignore",
            "tests/unit/.gitignore",
            "tests/acceptance.suite.yml",
            "tests/functional.suite.yml",
            "tests/unit.suite.yml"
        ]
    },
    "codeception/lib-asserts": {
        "version": "1.12.0"
    },
    "codeception/lib-innerbrowser": {
        "version": "1.3.2"
    },
    "codeception/module-asserts": {
        "version": "1.2.1"
    },
    "codeception/module-db": {
        "version": "1.0.1"
    },
    "codeception/module-phpbrowser": {
        "version": "1.0.1"
    },
    "codeception/stub": {
        "version": "3.7.0"
    },
    "composer/pcre": {
        "version": "1.0.0"
    },
    "composer/semver": {
        "version": "3.2.7"
    },
    "composer/xdebug-handler": {
        "version": "3.0.1"
    },
    "dasprid/enum": {
        "version": "1.0.0"
    },
    "defuse/php-encryption": {
        "version": "v2.2.1"
    },
    "dnoegel/php-xdg-base-dir": {
        "version": "v0.1.1"
    },
    "doctrine/collections": {
        "version": "1.6.7"
    },
    "doctrine/common": {
        "version": "2.13.3"
    },
    "doctrine/data-fixtures": {
        "version": "1.4.3"
    },
    "doctrine/dbal": {
        "version": "2.10.2"
    },
    "doctrine/deprecations": {
        "version": "v0.5.3"
    },
    "doctrine/doctrine-bundle": {
        "version": "2.7",
        "recipe": {
            "repo": "github.com/symfony/recipes",
            "branch": "main",
            "version": "2.4",
            "ref": "ddddd8249dd55bbda16fa7a45bb7499ef6f8e90e"
        },
        "files": [
            "config/packages/doctrine.yaml",
            "src/Entity/.gitignore",
            "src/Repository/.gitignore"
        ]
    },
    "doctrine/doctrine-fixtures-bundle": {
        "version": "3.4",
        "recipe": {
            "repo": "github.com/symfony/recipes",
            "branch": "main",
            "version": "3.0",
            "ref": "1f5514cfa15b947298df4d771e694e578d4c204d"
        },
        "files": [
            "src/DataFixtures/AppFixtures.php"
        ]
    },
    "doctrine/doctrine-migrations-bundle": {
        "version": "3.1",
        "recipe": {
            "repo": "github.com/symfony/recipes",
            "branch": "master",
            "version": "3.1",
            "ref": "ee609429c9ee23e22d6fa5728211768f51ed2818"
        },
        "files": [
            "config/packages/doctrine_migrations.yaml",
            "migrations/.gitignore"
        ]
    },
    "doctrine/event-manager": {
        "version": "1.1.0"
    },
    "doctrine/inflector": {
        "version": "1.4.3"
    },
    "doctrine/instantiator": {
        "version": "1.3.1"
    },
    "doctrine/lexer": {
        "version": "1.2.1"
    },
    "doctrine/migrations": {
        "version": "3.2.1"
    },
    "doctrine/orm": {
        "version": "v2.7.3"
    },
    "doctrine/persistence": {
        "version": "1.3.7"
    },
    "doctrine/sql-formatter": {
        "version": "1.1.1"
    },
    "endroid/qr-code": {
        "version": "3.9.1"
    },
    "endroid/qr-code-bundle": {
        "version": "3.4.3"
    },
    "fakerphp/faker": {
        "version": "v1.14.1"
    },
    "felixfbecker/language-server-protocol": {
        "version": "1.5.1"
    },
    "friendsofphp/proxy-manager-lts": {
        "version": "v1.0.5"
    },
    "friendsofsymfony/rest-bundle": {
        "version": "3.1",
        "recipe": {
            "repo": "github.com/symfony/recipes-contrib",
            "branch": "main",
            "version": "2.2",
            "ref": "fa845143b7e0a4c70aedd1a88c549e6d977e9ae5"
        },
        "files": [
            "config/packages/fos_rest.yaml"
        ]
    },
    "friendsofsymfony/user-bundle": {
        "version": "v2.1.2"
    },
    "fzaninotto/faker": {
        "version": "v1.9.1"
    },
    "gedmo/doctrine-extensions": {
        "version": "v2.4.41"
    },
    "guzzlehttp/guzzle": {
        "version": "6.5.5"
    },
    "guzzlehttp/promises": {
        "version": "v1.3.1"
    },
    "guzzlehttp/psr7": {
        "version": "1.6.1"
    },
    "hautelook/alice-bundle": {
        "version": "2.1",
        "recipe": {
            "repo": "github.com/symfony/recipes",
            "branch": "main",
            "version": "2.1",
            "ref": "ff94d76b2ec0c552b5d67d401f59ab8fd62f3d5f"
        },
        "files": [
            "config/packages/dev/hautelook_alice.yaml",
            "config/packages/test/hautelook_alice.yaml",
            "fixtures/.gitignore"
        ]
    },
    "jms/metadata": {
        "version": "2.3.0"
    },
    "jms/serializer": {
        "version": "3.8.0"
    },
    "jms/serializer-bundle": {
        "version": "3.0",
        "recipe": {
            "repo": "github.com/symfony/recipes-contrib",
            "branch": "master",
            "version": "3.0",
            "ref": "384cec52df45f3bfd46a09930d6960a58872b268"
        },
        "files": [
            "config/packages/dev/jms_serializer.yaml",
            "config/packages/jms_serializer.yaml",
            "config/packages/prod/jms_serializer.yaml"
        ]
    },
    "laminas/laminas-code": {
        "version": "4.4.0"
    },
    "lcobucci/clock": {
        "version": "2.0.0"
    },
    "lcobucci/jwt": {
        "version": "3.3.2"
    },
    "league/event": {
        "version": "2.2.0"
    },
    "league/flysystem": {
        "version": "1.0.70"
    },
    "league/flysystem-aws-s3-v3": {
        "version": "1.0.25"
    },
    "league/mime-type-detection": {
        "version": "1.5.0"
    },
    "league/oauth2-server": {
        "version": "7.4.0"
    },
    "league/oauth2-server-bundle": {
        "version": "v0.4.0"
    },
    "liip/test-fixtures-bundle": {
        "version": "1.9.1"
    },
    "liuggio/fastest": {
        "version": "v1.7.0"
    },
    "monolog/monolog": {
        "version": "1.25.5"
    },
    "mtdowling/jmespath.php": {
        "version": "2.5.0"
    },
    "myclabs/deep-copy": {
        "version": "1.10.1"
    },
    "nelmio/alice": {
        "version": "3.10",
        "recipe": {
            "repo": "github.com/symfony/recipes",
            "branch": "main",
            "version": "3.3",
            "ref": "42b52d2065dc3fde27912d502c18ca1926e35ae2"
        },
        "files": [
            "config/packages/nelmio_alice.yaml"
        ]
    },
    "nelmio/api-doc-bundle": {
        "version": "3.0",
        "recipe": {
            "repo": "github.com/symfony/recipes-contrib",
            "branch": "master",
            "version": "3.0",
            "ref": "c8e0c38e1a280ab9e37587a8fa32b251d5bc1c94"
        },
        "files": [
            "config/packages/nelmio_api_doc.yaml",
            "config/routes/nelmio_api_doc.yaml"
        ]
    },
    "netresearch/jsonmapper": {
        "version": "v4.0.0"
    },
    "nikic/php-parser": {
        "version": "v4.7.0"
    },
    "nyholm/psr7": {
        "version": "1.0",
        "recipe": {
            "repo": "github.com/symfony/recipes",
            "branch": "master",
            "version": "1.0",
            "ref": "7c0a9352a57376f04f5444e74565102c3a23d0c7"
        },
        "files": [
            "config/packages/nyholm_psr7.yaml"
        ]
    },
    "oneup/flysystem-bundle": {
        "version": "4.4",
        "recipe": {
            "repo": "github.com/symfony/recipes-contrib",
            "branch": "main",
            "version": "4.0",
            "ref": "3ae1b83985e89138f5443bbc2d9b8c074b497d49"
        },
        "files": [
            "config/packages/oneup_flysystem.yaml"
        ]
    },
    "paragonie/constant_time_encoding": {
        "version": "v2.4.0"
    },
    "phar-io/manifest": {
        "version": "1.0.3"
    },
    "phar-io/version": {
        "version": "2.0.1"
    },
    "php": {
        "version": "7.3"
    },
    "phpdocumentor/reflection-common": {
        "version": "2.2.0"
    },
    "phpdocumentor/reflection-docblock": {
        "version": "5.2.0"
    },
    "phpdocumentor/type-resolver": {
        "version": "1.3.0"
    },
    "phpstan/extension-installer": {
        "version": "1.1.0"
    },
    "phpstan/phpdoc-parser": {
        "version": "0.5.5"
    },
    "phpstan/phpstan": {
        "version": "1.3.3"
    },
    "phpstan/phpstan-deprecation-rules": {
        "version": "1.0.0"
    },
    "phpunit/php-code-coverage": {
        "version": "7.0.10"
    },
    "phpunit/php-file-iterator": {
        "version": "2.0.2"
    },
    "phpunit/php-invoker": {
        "version": "3.1.1"
    },
    "phpunit/php-text-template": {
        "version": "1.2.1"
    },
    "phpunit/php-timer": {
        "version": "2.1.2"
    },
    "phpunit/phpunit": {
        "version": "9.5",
        "recipe": {
            "repo": "github.com/symfony/recipes",
            "branch": "main",
            "version": "9.3",
            "ref": "a6249a6c4392e9169b87abf93225f7f9f59025e6"
        },
        "files": [
            ".env.test",
            "phpunit.xml.dist",
            "tests/bootstrap.php"
        ]
    },
    "psalm/plugin-symfony": {
        "version": "v3.1.2"
    },
    "psr/cache": {
        "version": "1.0.1"
    },
    "psr/container": {
        "version": "1.0.0"
    },
    "psr/http-client": {
        "version": "1.0.1"
    },
    "psr/http-factory": {
        "version": "1.0.1"
    },
    "psr/http-message": {
        "version": "1.0.1"
    },
    "psr/log": {
        "version": "1.1.3"
    },
    "ralouphie/getallheaders": {
        "version": "3.0.3"
    },
    "sameer-shelavale/php-countries-array": {
        "version": "v1.0.5"
    },
    "scheb/2fa-bundle": {
        "version": "5.13",
        "recipe": {
            "repo": "github.com/symfony/recipes",
            "branch": "main",
            "version": "5.0",
            "ref": "0a83961ef50ff91812b229a6f0caf28431d94aec"
        },
        "files": [
            "config/packages/scheb_2fa.yaml",
            "config/routes/scheb_2fa.yaml"
        ]
    },
    "scheb/2fa-email": {
        "version": "v5.10.1"
    },
    "scheb/2fa-totp": {
        "version": "v5.10.1"
    },
    "scheb/2fa-trusted-device": {
        "version": "v5.10.1"
    },
    "sebastian/cli-parser": {
        "version": "1.0.1"
    },
    "sebastian/comparator": {
        "version": "3.0.2"
    },
    "sebastian/complexity": {
        "version": "2.0.2"
    },
    "sebastian/diff": {
        "version": "3.0.2"
    },
    "sebastian/environment": {
        "version": "4.2.3"
    },
    "sebastian/exporter": {
        "version": "3.1.2"
    },
    "sebastian/global-state": {
        "version": "3.0.0"
    },
    "sebastian/lines-of-code": {
        "version": "1.0.3"
    },
    "sebastian/object-enumerator": {
        "version": "3.0.3"
    },
    "sebastian/object-reflector": {
        "version": "1.1.1"
    },
    "sebastian/recursion-context": {
        "version": "3.0.0"
    },
    "sebastian/type": {
        "version": "1.1.3"
    },
    "sebastian/version": {
        "version": "2.0.1"
    },
    "sonata-project/exporter": {
        "version": "1.11.1"
    },
    "spomky-labs/otphp": {
        "version": "v10.0.1"
    },
    "stof/doctrine-extensions-bundle": {
        "version": "1.7",
        "recipe": {
            "repo": "github.com/symfony/recipes-contrib",
            "branch": "main",
            "version": "1.2",
            "ref": "e805aba9eff5372e2d149a9ff56566769e22819d"
        },
        "files": [
            "config/packages/stof_doctrine_extensions.yaml"
        ]
    },
    "symfony/asset": {
        "version": "v3.4.43"
    },
    "symfony/browser-kit": {
        "version": "v3.4.43"
    },
    "symfony/cache": {
        "version": "v3.4.43"
    },
    "symfony/cache-contracts": {
        "version": "v2.2.0"
    },
    "symfony/config": {
        "version": "v3.4.43"
    },
    "symfony/console": {
        "version": "5.4",
        "recipe": {
            "repo": "github.com/symfony/recipes",
            "branch": "main",
            "version": "5.3",
            "ref": "da0c8be8157600ad34f10ff0c9cc91232522e047"
        },
        "files": [
            "bin/console"
        ]
    },
    "symfony/css-selector": {
        "version": "v3.4.43"
    },
    "symfony/debug-bundle": {
        "version": "5.4",
        "recipe": {
            "repo": "github.com/symfony/recipes",
            "branch": "main",
            "version": "5.3",
            "ref": "5aa8aa48234c8eb6dbdd7b3cd5d791485d2cec4b"
        },
        "files": [
            "config/packages/debug.yaml"
        ]
    },
    "symfony/dependency-injection": {
        "version": "v3.4.43"
    },
    "symfony/deprecation-contracts": {
        "version": "v2.1.3"
    },
    "symfony/doctrine-bridge": {
        "version": "v3.4.43"
    },
    "symfony/dom-crawler": {
        "version": "v3.4.43"
    },
    "symfony/dotenv": {
        "version": "v3.4.43"
    },
    "symfony/error-handler": {
        "version": "v4.4.21"
    },
    "symfony/event-dispatcher": {
        "version": "v3.4.43"
    },
    "symfony/event-dispatcher-contracts": {
        "version": "v1.1.9"
    },
    "symfony/expression-language": {
        "version": "v3.4.43"
    },
    "symfony/filesystem": {
        "version": "v3.4.43"
    },
    "symfony/finder": {
        "version": "v3.4.43"
    },
    "symfony/flex": {
        "version": "1.19",
        "recipe": {
            "repo": "github.com/symfony/recipes",
            "branch": "main",
            "version": "1.0",
            "ref": "146251ae39e06a95be0fe3d13c807bcf3938b172"
        },
        "files": [
            ".env"
        ]
    },
    "symfony/form": {
        "version": "v3.4.43"
    },
    "symfony/framework-bundle": {
        "version": "6.3",
        "recipe": {
            "repo": "github.com/symfony/recipes",
            "branch": "main",
            "version": "6.2",
            "ref": "af47254c5e4cd543e6af3e4508298ffebbdaddd3"
        },
        "files": [
            "config/packages/cache.yaml",
            "config/packages/framework.yaml",
            "config/preload.php",
            "config/routes/framework.yaml",
            "config/services.yaml",
            "web/index.php",
            "src/Controller/.gitignore",
            "src/Kernel.php"
        ]
    },
    "symfony/http-client": {
        "version": "v4.4.26"
    },
    "symfony/http-client-contracts": {
        "version": "v2.3.1"
    },
    "symfony/http-foundation": {
        "version": "v3.4.43"
    },
    "symfony/http-kernel": {
        "version": "v3.4.43"
    },
    "symfony/intl": {
        "version": "v3.4.43"
    },
    "symfony/mailer": {
        "version": "5.4",
        "recipe": {
            "repo": "github.com/symfony/recipes",
            "branch": "main",
            "version": "4.3",
            "ref": "97a61eabb351d7f6cb7702039bcfe07fe9d7e03c"
        },
        "files": [
            "config/packages/mailer.yaml"
        ]
    },
    "symfony/maker-bundle": {
        "version": "1.0",
        "recipe": {
            "repo": "github.com/symfony/recipes",
            "branch": "master",
            "version": "1.0",
            "ref": "fadbfe33303a76e25cb63401050439aa9b1a9c7f"
        }
    },
    "symfony/messenger": {
        "version": "6.3",
        "recipe": {
            "repo": "github.com/symfony/recipes",
            "branch": "main",
            "version": "6.0",
            "ref": "ba1ac4e919baba5644d31b57a3284d6ba12d52ee"
        },
        "files": [
            "config/packages/messenger.yaml"
        ]
    },
    "symfony/monolog-bridge": {
        "version": "v3.4.43"
    },
    "symfony/monolog-bundle": {
        "version": "3.8",
        "recipe": {
            "repo": "github.com/symfony/recipes",
            "branch": "main",
            "version": "3.7",
            "ref": "213676c4ec929f046dfde5ea8e97625b81bc0578"
        },
        "files": [
            "config/packages/monolog.yaml"
        ]
    },
    "symfony/options-resolver": {
        "version": "v3.4.43"
    },
    "symfony/phpunit-bridge": {
        "version": "5.4",
        "recipe": {
            "repo": "github.com/symfony/recipes",
            "branch": "main",
            "version": "5.3",
            "ref": "97cb3dc7b0f39c7cfc4b7553504c9d7b7795de96"
        },
        "files": [
            ".env.test",
            "bin/phpunit",
            "phpunit.xml.dist",
            "tests/bootstrap.php"
        ]
    },
    "symfony/polyfill-intl-icu": {
        "version": "v1.18.0"
    },
    "symfony/polyfill-intl-idn": {
        "version": "v1.18.0"
    },
    "symfony/polyfill-intl-normalizer": {
        "version": "v1.18.0"
    },
    "symfony/polyfill-mbstring": {
        "version": "v1.18.0"
    },
    "symfony/polyfill-php73": {
        "version": "v1.22.1"
    },
    "symfony/process": {
        "version": "v3.4.43"
    },
    "symfony/property-access": {
        "version": "v3.4.43"
    },
    "symfony/property-info": {
        "version": "v3.4.43"
    },
    "symfony/psr-http-message-bridge": {
        "version": "v1.2.0"
    },
    "symfony/routing": {
        "version": "5.4",
        "recipe": {
            "repo": "github.com/symfony/recipes",
            "branch": "main",
            "version": "5.3",
            "ref": "85de1d8ae45b284c3c84b668171d2615049e698f"
        },
        "files": [
            "config/packages/routing.yaml",
            "config/routes.yaml"
        ]
    },
    "symfony/scheduler": {
        "version": "7.2",
        "recipe": {
            "repo": "github.com/symfony/recipes",
            "branch": "main",
            "version": "7.2",
            "ref": "caea3c928ee9e1b21288fd76aef36f16ea355515"
        },
        "files": [
            "src/Schedule.php"
        ]
    },
    "symfony/security-bundle": {
        "version": "5.4",
        "recipe": {
            "repo": "github.com/symfony/recipes",
            "branch": "main",
            "version": "5.3",
            "ref": "98f1f2b0d635908c2b40f3675da2d23b1a069d30"
        },
        "files": [
            "config/packages/security.yaml"
        ]
    },
    "symfony/security-core": {
        "version": "v4.4.21"
    },
    "symfony/security-csrf": {
        "version": "v4.4.20"
    },
    "symfony/security-guard": {
        "version": "v4.4.20"
    },
    "symfony/security-http": {
        "version": "v4.4.21"
    },
    "symfony/serializer": {
        "version": "v3.4.43"
    },
    "symfony/service-contracts": {
        "version": "v2.1.3"
    },
    "symfony/stopwatch": {
        "version": "v3.4.43"
    },
    "symfony/templating": {
        "version": "v3.4.43"
    },
    "symfony/translation": {
        "version": "5.4",
        "recipe": {
            "repo": "github.com/symfony/recipes",
            "branch": "main",
            "version": "5.3",
            "ref": "da64f5a2b6d96f5dc24914517c0350a5f91dee43"
        },
        "files": [
            "config/packages/translation.yaml",
            "translations/.gitignore"
        ]
    },
    "symfony/translation-contracts": {
        "version": "v2.3.0"
    },
    "symfony/twig-bridge": {
        "version": "v3.4.43"
    },
    "symfony/twig-bundle": {
        "version": "5.4",
        "recipe": {
            "repo": "github.com/symfony/recipes",
            "branch": "main",
            "version": "5.4",
            "ref": "bb2178c57eee79e6be0b297aa96fc0c0def81387"
        },
        "files": [
            "config/packages/twig.yaml",
            "templates/base.html.twig"
        ]
    },
    "symfony/uid": {
        "version": "7.3",
        "recipe": {
            "repo": "github.com/symfony/recipes",
            "branch": "main",
            "version": "7.0",
            "ref": "0df5844274d871b37fc3816c57a768ffc60a43a5"
        }
    },
    "symfony/validator": {
        "version": "v3.4.43"
    },
    "symfony/var-dumper": {
        "version": "v3.4.43"
    },
    "symfony/var-exporter": {
        "version": "v4.4.20"
    },
    "symfony/web-profiler-bundle": {
        "version": "5.4",
        "recipe": {
            "repo": "github.com/symfony/recipes",
            "branch": "main",
            "version": "5.3",
            "ref": "24bbc3d84ef2f427f82104f766014e799eefcc3e"
        },
        "files": [
            "config/packages/web_profiler.yaml",
            "config/routes/web_profiler.yaml"
        ]
    },
    "symfony/webpack-encore-bundle": {
        "version": "1.6",
        "recipe": {
            "repo": "github.com/symfony/recipes",
            "branch": "master",
            "version": "1.6",
            "ref": "69e1d805ad95964088bd510c05995e87dc391564"
        },
        "files": [
            "assets/css/app.css",
            "assets/js/app.js",
            "config/packages/assets.yaml",
            "config/packages/prod/webpack_encore.yaml",
            "config/packages/test/webpack_encore.yaml",
            "config/packages/webpack_encore.yaml",
            "package.json",
            "webpack.config.js"
        ]
    },
    "symfony/workflow": {
        "version": "3.3",
        "recipe": {
            "repo": "github.com/symfony/recipes",
            "branch": "master",
            "version": "3.3",
            "ref": "3b2f8ca32a07fcb00f899649053943fa3d8bbfb6"
        },
        "files": [
            "config/packages/workflow.yaml"
        ]
    },
    "symfony/yaml": {
        "version": "v3.4.43"
    },
    "symfonycasts/reset-password-bundle": {
        "version": "1.13",
        "recipe": {
            "repo": "github.com/symfony/recipes",
            "branch": "main",
            "version": "1.0",
            "ref": "97c1627c0384534997ae1047b93be517ca16de43"
        },
        "files": [
            "config/packages/reset_password.yaml"
        ]
    },
    "symfonycasts/verify-email-bundle": {
        "version": "v1.9.0"
    },
    "symplify/easy-coding-standard": {
        "version": "v9.3.26"
    },
    "theofidry/alice-data-fixtures": {
        "version": "1.0",
        "recipe": {
            "repo": "github.com/symfony/recipes",
            "branch": "master",
            "version": "1.0",
            "ref": "fe5a50faf580eb58f08ada2abe8afbd2d4941e05"
        }
    },
    "theseer/tokenizer": {
        "version": "1.2.0"
    },
    "twig/extra-bundle": {
        "version": "v3.6.0"
    },
    "twig/twig": {
        "version": "v2.13.0"
    },
    "vimeo/psalm": {
        "version": "4.18.1"
    },
    "webmozart/assert": {
        "version": "1.9.1"
    },
    "willdurand/jsonp-callback-validator": {
        "version": "v1.1.0"
    },
    "willdurand/negotiation": {
        "version": "v2.3.1"
    },
    "zendframework/zend-code": {
        "version": "3.4.1"
    },
    "zendframework/zend-eventmanager": {
        "version": "3.2.1"
    },
    "zircote/swagger-php": {
        "version": "2.0.16"
    }
}
